// !$*UTF8*$!
{
	archiveVersion = 1;
	classes = {
	};
	objectVersion = 46;
	objects = {

/* Begin PBXBuildFile section */
		658DF9531414CDD500D9E202 /* Block.h in Headers */ = {isa = PBXBuildFile; fileRef = 658DF9361414CDD500D9E202 /* Block.h */; };
		658DF9541414CDD500D9E202 /* Blockquote.h in Headers */ = {isa = PBXBuildFile; fileRef = 658DF9371414CDD500D9E202 /* Blockquote.h */; };
		658DF9551414CDD500D9E202 /* Heading.h in Headers */ = {isa = PBXBuildFile; fileRef = 658DF9381414CDD500D9E202 /* Heading.h */; };
		658DF9561414CDD500D9E202 /* Line.h in Headers */ = {isa = PBXBuildFile; fileRef = 658DF9391414CDD500D9E202 /* Line.h */; };
		658DF9571414CDD500D9E202 /* List.h in Headers */ = {isa = PBXBuildFile; fileRef = 658DF93A1414CDD500D9E202 /* List.h */; };
		658DF9581414CDD500D9E202 /* ListItem.h in Headers */ = {isa = PBXBuildFile; fileRef = 658DF93B1414CDD500D9E202 /* ListItem.h */; };
		658DF9591414CDD500D9E202 /* MarginNote.h in Headers */ = {isa = PBXBuildFile; fileRef = 658DF93C1414CDD500D9E202 /* MarginNote.h */; };
		658DF95A1414CDD500D9E202 /* OrderedList.h in Headers */ = {isa = PBXBuildFile; fileRef = 658DF93D1414CDD500D9E202 /* OrderedList.h */; };
		658DF95B1414CDD500D9E202 /* Page.h in Headers */ = {isa = PBXBuildFile; fileRef = 658DF93E1414CDD500D9E202 /* Page.h */; };
		658DF95C1414CDD500D9E202 /* Paragraph.h in Headers */ = {isa = PBXBuildFile; fileRef = 658DF93F1414CDD500D9E202 /* Paragraph.h */; };
		658DF95D1414CDD500D9E202 /* Preformatted.h in Headers */ = {isa = PBXBuildFile; fileRef = 658DF9401414CDD500D9E202 /* Preformatted.h */; };
		658DF95E1414CDD500D9E202 /* Reference.h in Headers */ = {isa = PBXBuildFile; fileRef = 658DF9411414CDD500D9E202 /* Reference.h */; };
		658DF95F1414CDD500D9E202 /* Title.h in Headers */ = {isa = PBXBuildFile; fileRef = 658DF9421414CDD500D9E202 /* Title.h */; };
		658DF9601414CDD500D9E202 /* maxtext.h in Headers */ = {isa = PBXBuildFile; fileRef = 658DF9431414CDD500D9E202 /* maxtext.h */; };
		658DF9611414CDD500D9E202 /* Block.cpp in Sources */ = {isa = PBXBuildFile; fileRef = 658DF9461414CDD500D9E202 /* Block.cpp */; };
		658DF9621414CDD500D9E202 /* Blockquote.cpp in Sources */ = {isa = PBXBuildFile; fileRef = 658DF9471414CDD500D9E202 /* Blockquote.cpp */; };
		658DF9631414CDD500D9E202 /* Heading.cpp in Sources */ = {isa = PBXBuildFile; fileRef = 658DF9481414CDD500D9E202 /* Heading.cpp */; };
		658DF9641414CDD500D9E202 /* Line.cpp in Sources */ = {isa = PBXBuildFile; fileRef = 658DF9491414CDD500D9E202 /* Line.cpp */; };
		658DF9651414CDD500D9E202 /* List.cpp in Sources */ = {isa = PBXBuildFile; fileRef = 658DF94A1414CDD500D9E202 /* List.cpp */; };
		658DF9661414CDD500D9E202 /* ListItem.cpp in Sources */ = {isa = PBXBuildFile; fileRef = 658DF94B1414CDD500D9E202 /* ListItem.cpp */; };
		658DF9671414CDD500D9E202 /* MarginNote.cpp in Sources */ = {isa = PBXBuildFile; fileRef = 658DF94C1414CDD500D9E202 /* MarginNote.cpp */; };
		658DF9681414CDD500D9E202 /* OrderedList.cpp in Sources */ = {isa = PBXBuildFile; fileRef = 658DF94D1414CDD500D9E202 /* OrderedList.cpp */; };
		658DF9691414CDD500D9E202 /* Page.cpp in Sources */ = {isa = PBXBuildFile; fileRef = 658DF94E1414CDD500D9E202 /* Page.cpp */; };
		658DF96A1414CDD500D9E202 /* Paragraph.cpp in Sources */ = {isa = PBXBuildFile; fileRef = 658DF94F1414CDD500D9E202 /* Paragraph.cpp */; };
		658DF96B1414CDD500D9E202 /* Preformatted.cpp in Sources */ = {isa = PBXBuildFile; fileRef = 658DF9501414CDD500D9E202 /* Preformatted.cpp */; };
		658DF96C1414CDD500D9E202 /* Reference.cpp in Sources */ = {isa = PBXBuildFile; fileRef = 658DF9511414CDD500D9E202 /* Reference.cpp */; };
		658DF96D1414CDD500D9E202 /* Title.cpp in Sources */ = {isa = PBXBuildFile; fileRef = 658DF9521414CDD500D9E202 /* Title.cpp */; };
		658DF9BE1414CE4900D9E202 /* libopenxds_adt_std.dylib in Frameworks */ = {isa = PBXBuildFile; fileRef = 658DF9B41414CE4900D9E202 /* libopenxds_adt_std.dylib */; };
		658DF9BF1414CE4900D9E202 /* libopenxds_adt.dylib in Frameworks */ = {isa = PBXBuildFile; fileRef = 658DF9B51414CE4900D9E202 /* libopenxds_adt.dylib */; };
		658DF9C01414CE4900D9E202 /* libopenxds_base.dylib in Frameworks */ = {isa = PBXBuildFile; fileRef = 658DF9B61414CE4900D9E202 /* libopenxds_base.dylib */; };
		658DF9C11414CE4900D9E202 /* libopenxds_core_adt_std.dylib in Frameworks */ = {isa = PBXBuildFile; fileRef = 658DF9B71414CE4900D9E202 /* libopenxds_core_adt_std.dylib */; };
		658DF9C21414CE4900D9E202 /* libopenxds_core_adt.dylib in Frameworks */ = {isa = PBXBuildFile; fileRef = 658DF9B81414CE4900D9E202 /* libopenxds_core_adt.dylib */; };
		658DF9C31414CE4900D9E202 /* libopenxds_core_base.dylib in Frameworks */ = {isa = PBXBuildFile; fileRef = 658DF9B91414CE4900D9E202 /* libopenxds_core_base.dylib */; };
		658DF9C41414CE4900D9E202 /* libopenxds_core_io.dylib in Frameworks */ = {isa = PBXBuildFile; fileRef = 658DF9BA1414CE4900D9E202 /* libopenxds_core_io.dylib */; };
		658DF9C51414CE4900D9E202 /* libopenxds_core_threads.dylib in Frameworks */ = {isa = PBXBuildFile; fileRef = 658DF9BB1414CE4900D9E202 /* libopenxds_core_threads.dylib */; };
		658DF9C61414CE4900D9E202 /* libopenxds_io.dylib in Frameworks */ = {isa = PBXBuildFile; fileRef = 658DF9BC1414CE4900D9E202 /* libopenxds_io.dylib */; };
		658DF9C71414CE4900D9E202 /* libopenxds_util.dylib in Frameworks */ = {isa = PBXBuildFile; fileRef = 658DF9BD1414CE4900D9E202 /* libopenxds_util.dylib */; };
/* End PBXBuildFile section */

/* Begin PBXFileReference section */
		658DF92A1414CD7B00D9E202 /* libmaxtext.dylib */ = {isa = PBXFileReference; explicitFileType = "compiled.mach-o.dylib"; includeInIndex = 0; path = libmaxtext.dylib; sourceTree = BUILT_PRODUCTS_DIR; };
		658DF9321414CDD500D9E202 /* OpenXDS.link */ = {isa = PBXFileReference; fileEncoding = 4; lastKnownFileType = text; path = OpenXDS.link; sourceTree = "<group>"; };
		658DF9331414CDD500D9E202 /* OpenXDS_Core.link */ = {isa = PBXFileReference; fileEncoding = 4; lastKnownFileType = text; path = OpenXDS_Core.link; sourceTree = "<group>"; };
		658DF9361414CDD500D9E202 /* Block.h */ = {isa = PBXFileReference; fileEncoding = 4; lastKnownFileType = sourcecode.c.h; path = Block.h; sourceTree = "<group>"; };
		658DF9371414CDD500D9E202 /* Blockquote.h */ = {isa = PBXFileReference; fileEncoding = 4; lastKnownFileType = sourcecode.c.h; path = Blockquote.h; sourceTree = "<group>"; };
		658DF9381414CDD500D9E202 /* Heading.h */ = {isa = PBXFileReference; fileEncoding = 4; lastKnownFileType = sourcecode.c.h; path = Heading.h; sourceTree = "<group>"; };
		658DF9391414CDD500D9E202 /* Line.h */ = {isa = PBXFileReference; fileEncoding = 4; lastKnownFileType = sourcecode.c.h; path = Line.h; sourceTree = "<group>"; };
		658DF93A1414CDD500D9E202 /* List.h */ = {isa = PBXFileReference; fileEncoding = 4; lastKnownFileType = sourcecode.c.h; path = List.h; sourceTree = "<group>"; };
		658DF93B1414CDD500D9E202 /* ListItem.h */ = {isa = PBXFileReference; fileEncoding = 4; lastKnownFileType = sourcecode.c.h; path = ListItem.h; sourceTree = "<group>"; };
		658DF93C1414CDD500D9E202 /* MarginNote.h */ = {isa = PBXFileReference; fileEncoding = 4; lastKnownFileType = sourcecode.c.h; path = MarginNote.h; sourceTree = "<group>"; };
		658DF93D1414CDD500D9E202 /* OrderedList.h */ = {isa = PBXFileReference; fileEncoding = 4; lastKnownFileType = sourcecode.c.h; path = OrderedList.h; sourceTree = "<group>"; };
		658DF93E1414CDD500D9E202 /* Page.h */ = {isa = PBXFileReference; fileEncoding = 4; lastKnownFileType = sourcecode.c.h; path = Page.h; sourceTree = "<group>"; };
		658DF93F1414CDD500D9E202 /* Paragraph.h */ = {isa = PBXFileReference; fileEncoding = 4; lastKnownFileType = sourcecode.c.h; path = Paragraph.h; sourceTree = "<group>"; };
		658DF9401414CDD500D9E202 /* Preformatted.h */ = {isa = PBXFileReference; fileEncoding = 4; lastKnownFileType = sourcecode.c.h; path = Preformatted.h; sourceTree = "<group>"; };
		658DF9411414CDD500D9E202 /* Reference.h */ = {isa = PBXFileReference; fileEncoding = 4; lastKnownFileType = sourcecode.c.h; path = Reference.h; sourceTree = "<group>"; };
		658DF9421414CDD500D9E202 /* Title.h */ = {isa = PBXFileReference; fileEncoding = 4; lastKnownFileType = sourcecode.c.h; path = Title.h; sourceTree = "<group>"; };
		658DF9431414CDD500D9E202 /* maxtext.h */ = {isa = PBXFileReference; fileEncoding = 4; lastKnownFileType = sourcecode.c.h; path = maxtext.h; sourceTree = "<group>"; };
		658DF9461414CDD500D9E202 /* Block.cpp */ = {isa = PBXFileReference; fileEncoding = 4; lastKnownFileType = sourcecode.cpp.cpp; path = Block.cpp; sourceTree = "<group>"; };
		658DF9471414CDD500D9E202 /* Blockquote.cpp */ = {isa = PBXFileReference; fileEncoding = 4; lastKnownFileType = sourcecode.cpp.cpp; path = Blockquote.cpp; sourceTree = "<group>"; };
		658DF9481414CDD500D9E202 /* Heading.cpp */ = {isa = PBXFileReference; fileEncoding = 4; lastKnownFileType = sourcecode.cpp.cpp; path = Heading.cpp; sourceTree = "<group>"; };
		658DF9491414CDD500D9E202 /* Line.cpp */ = {isa = PBXFileReference; fileEncoding = 4; lastKnownFileType = sourcecode.cpp.cpp; path = Line.cpp; sourceTree = "<group>"; };
		658DF94A1414CDD500D9E202 /* List.cpp */ = {isa = PBXFileReference; fileEncoding = 4; lastKnownFileType = sourcecode.cpp.cpp; path = List.cpp; sourceTree = "<group>"; };
		658DF94B1414CDD500D9E202 /* ListItem.cpp */ = {isa = PBXFileReference; fileEncoding = 4; lastKnownFileType = sourcecode.cpp.cpp; path = ListItem.cpp; sourceTree = "<group>"; };
		658DF94C1414CDD500D9E202 /* MarginNote.cpp */ = {isa = PBXFileReference; fileEncoding = 4; lastKnownFileType = sourcecode.cpp.cpp; path = MarginNote.cpp; sourceTree = "<group>"; };
		658DF94D1414CDD500D9E202 /* OrderedList.cpp */ = {isa = PBXFileReference; fileEncoding = 4; lastKnownFileType = sourcecode.cpp.cpp; path = OrderedList.cpp; sourceTree = "<group>"; };
		658DF94E1414CDD500D9E202 /* Page.cpp */ = {isa = PBXFileReference; fileEncoding = 4; lastKnownFileType = sourcecode.cpp.cpp; path = Page.cpp; sourceTree = "<group>"; };
		658DF94F1414CDD500D9E202 /* Paragraph.cpp */ = {isa = PBXFileReference; fileEncoding = 4; lastKnownFileType = sourcecode.cpp.cpp; path = Paragraph.cpp; sourceTree = "<group>"; };
		658DF9501414CDD500D9E202 /* Preformatted.cpp */ = {isa = PBXFileReference; fileEncoding = 4; lastKnownFileType = sourcecode.cpp.cpp; path = Preformatted.cpp; sourceTree = "<group>"; };
		658DF9511414CDD500D9E202 /* Reference.cpp */ = {isa = PBXFileReference; fileEncoding = 4; lastKnownFileType = sourcecode.cpp.cpp; path = Reference.cpp; sourceTree = "<group>"; };
		658DF9521414CDD500D9E202 /* Title.cpp */ = {isa = PBXFileReference; fileEncoding = 4; lastKnownFileType = sourcecode.cpp.cpp; path = Title.cpp; sourceTree = "<group>"; };
		658DF9B41414CE4900D9E202 /* libopenxds_adt_std.dylib */ = {isa = PBXFileReference; lastKnownFileType = file; name = libopenxds_adt_std.dylib; path = ../../../../OpenXDS/0.x/libopenxds_adt_std/build/Release/libopenxds_adt_std.dylib; sourceTree = "<group>"; };
		658DF9B51414CE4900D9E202 /* libopenxds_adt.dylib */ = {isa = PBXFileReference; lastKnownFileType = file; name = libopenxds_adt.dylib; path = ../../../../OpenXDS/0.x/libopenxds_adt/build/Release/libopenxds_adt.dylib; sourceTree = "<group>"; };
		658DF9B61414CE4900D9E202 /* libopenxds_base.dylib */ = {isa = PBXFileReference; lastKnownFileType = file; name = libopenxds_base.dylib; path = ../../../../OpenXDS/0.x/libopenxds_base/build/Release/libopenxds_base.dylib; sourceTree = "<group>"; };
		658DF9B71414CE4900D9E202 /* libopenxds_core_adt_std.dylib */ = {isa = PBXFileReference; lastKnownFileType = file; name = libopenxds_core_adt_std.dylib; path = ../../../../OpenXDS_Core/0.x/libopenxds_core_adt_std/build/Release/libopenxds_core_adt_std.dylib; sourceTree = "<group>"; };
		658DF9B81414CE4900D9E202 /* libopenxds_core_adt.dylib */ = {isa = PBXFileReference; lastKnownFileType = file; name = libopenxds_core_adt.dylib; path = ../../../../OpenXDS_Core/0.x/libopenxds_core_adt/build/Debug/libopenxds_core_adt.dylib; sourceTree = "<group>"; };
		658DF9B91414CE4900D9E202 /* libopenxds_core_base.dylib */ = {isa = PBXFileReference; lastKnownFileType = file; name = libopenxds_core_base.dylib; path = ../../../../OpenXDS_Core/0.x/libopenxds_core_base/build/Release/libopenxds_core_base.dylib; sourceTree = "<group>"; };
		658DF9BA1414CE4900D9E202 /* libopenxds_core_io.dylib */ = {isa = PBXFileReference; lastKnownFileType = file; name = libopenxds_core_io.dylib; path = ../../../../OpenXDS_Core/0.x/libopenxds_core_io/build/Release/libopenxds_core_io.dylib; sourceTree = "<group>"; };
		658DF9BB1414CE4900D9E202 /* libopenxds_core_threads.dylib */ = {isa = PBXFileReference; lastKnownFileType = file; name = libopenxds_core_threads.dylib; path = ../../../../OpenXDS_Core/0.x/libopenxds_core_threads/build/Release/libopenxds_core_threads.dylib; sourceTree = "<group>"; };
		658DF9BC1414CE4900D9E202 /* libopenxds_io.dylib */ = {isa = PBXFileReference; lastKnownFileType = file; name = libopenxds_io.dylib; path = ../../../../OpenXDS/0.x/libopenxds_io/build/Release/libopenxds_io.dylib; sourceTree = "<group>"; };
		658DF9BD1414CE4900D9E202 /* libopenxds_util.dylib */ = {isa = PBXFileReference; lastKnownFileType = file; name = libopenxds_util.dylib; path = ../../../../OpenXDS/0.x/libopenxds_util/build/Release/libopenxds_util.dylib; sourceTree = "<group>"; };
/* End PBXFileReference section */

/* Begin PBXFrameworksBuildPhase section */
		658DF9271414CD7B00D9E202 /* Frameworks */ = {
			isa = PBXFrameworksBuildPhase;
			buildActionMask = 2147483647;
			files = (
				658DF9BE1414CE4900D9E202 /* libopenxds_adt_std.dylib in Frameworks */,
				658DF9BF1414CE4900D9E202 /* libopenxds_adt.dylib in Frameworks */,
				658DF9C01414CE4900D9E202 /* libopenxds_base.dylib in Frameworks */,
				658DF9C11414CE4900D9E202 /* libopenxds_core_adt_std.dylib in Frameworks */,
				658DF9C21414CE4900D9E202 /* libopenxds_core_adt.dylib in Frameworks */,
				658DF9C31414CE4900D9E202 /* libopenxds_core_base.dylib in Frameworks */,
				658DF9C41414CE4900D9E202 /* libopenxds_core_io.dylib in Frameworks */,
				658DF9C51414CE4900D9E202 /* libopenxds_core_threads.dylib in Frameworks */,
				658DF9C61414CE4900D9E202 /* libopenxds_io.dylib in Frameworks */,
				658DF9C71414CE4900D9E202 /* libopenxds_util.dylib in Frameworks */,
			);
			runOnlyForDeploymentPostprocessing = 0;
		};
/* End PBXFrameworksBuildPhase section */

/* Begin PBXGroup section */
		658DF91F1414CD7B00D9E202 = {
			isa = PBXGroup;
			children = (
				658DF9B41414CE4900D9E202 /* libopenxds_adt_std.dylib */,
				658DF9B51414CE4900D9E202 /* libopenxds_adt.dylib */,
				658DF9B61414CE4900D9E202 /* libopenxds_base.dylib */,
				658DF9B71414CE4900D9E202 /* libopenxds_core_adt_std.dylib */,
				658DF9B81414CE4900D9E202 /* libopenxds_core_adt.dylib */,
				658DF9B91414CE4900D9E202 /* libopenxds_core_base.dylib */,
				658DF9BA1414CE4900D9E202 /* libopenxds_core_io.dylib */,
				658DF9BB1414CE4900D9E202 /* libopenxds_core_threads.dylib */,
				658DF9BC1414CE4900D9E202 /* libopenxds_io.dylib */,
				658DF9BD1414CE4900D9E202 /* libopenxds_util.dylib */,
				658DF9311414CDD500D9E202 /* dep */,
				658DF9341414CDD500D9E202 /* include */,
				658DF9441414CDD500D9E202 /* source */,
				658DF92B1414CD7B00D9E202 /* Products */,
			);
			sourceTree = "<group>";
		};
		658DF92B1414CD7B00D9E202 /* Products */ = {
			isa = PBXGroup;
			children = (
				658DF92A1414CD7B00D9E202 /* libmaxtext.dylib */,
			);
			name = Products;
			sourceTree = "<group>";
		};
		658DF9311414CDD500D9E202 /* dep */ = {
			isa = PBXGroup;
			children = (
				658DF9321414CDD500D9E202 /* OpenXDS.link */,
				658DF9331414CDD500D9E202 /* OpenXDS_Core.link */,
			);
			path = dep;
			sourceTree = "<group>";
		};
		658DF9341414CDD500D9E202 /* include */ = {
			isa = PBXGroup;
			children = (
				658DF9351414CDD500D9E202 /* maxtext */,
				658DF9431414CDD500D9E202 /* maxtext.h */,
			);
			path = include;
			sourceTree = "<group>";
		};
		658DF9351414CDD500D9E202 /* maxtext */ = {
			isa = PBXGroup;
			children = (
				658DF9361414CDD500D9E202 /* Block.h */,
				658DF9371414CDD500D9E202 /* Blockquote.h */,
				658DF9381414CDD500D9E202 /* Heading.h */,
				658DF9391414CDD500D9E202 /* Line.h */,
				658DF93A1414CDD500D9E202 /* List.h */,
				658DF93B1414CDD500D9E202 /* ListItem.h */,
				658DF93C1414CDD500D9E202 /* MarginNote.h */,
				658DF93D1414CDD500D9E202 /* OrderedList.h */,
				658DF93E1414CDD500D9E202 /* Page.h */,
				658DF93F1414CDD500D9E202 /* Paragraph.h */,
				658DF9401414CDD500D9E202 /* Preformatted.h */,
				658DF9411414CDD500D9E202 /* Reference.h */,
				658DF9421414CDD500D9E202 /* Title.h */,
			);
			path = maxtext;
			sourceTree = "<group>";
		};
		658DF9441414CDD500D9E202 /* source */ = {
			isa = PBXGroup;
			children = (
				658DF9451414CDD500D9E202 /* cplusplus */,
			);
			path = source;
			sourceTree = "<group>";
		};
		658DF9451414CDD500D9E202 /* cplusplus */ = {
			isa = PBXGroup;
			children = (
				658DF9461414CDD500D9E202 /* Block.cpp */,
				658DF9471414CDD500D9E202 /* Blockquote.cpp */,
				658DF9481414CDD500D9E202 /* Heading.cpp */,
				658DF9491414CDD500D9E202 /* Line.cpp */,
				658DF94A1414CDD500D9E202 /* List.cpp */,
				658DF94B1414CDD500D9E202 /* ListItem.cpp */,
				658DF94C1414CDD500D9E202 /* MarginNote.cpp */,
				658DF94D1414CDD500D9E202 /* OrderedList.cpp */,
				658DF94E1414CDD500D9E202 /* Page.cpp */,
				658DF94F1414CDD500D9E202 /* Paragraph.cpp */,
				658DF9501414CDD500D9E202 /* Preformatted.cpp */,
				658DF9511414CDD500D9E202 /* Reference.cpp */,
				658DF9521414CDD500D9E202 /* Title.cpp */,
			);
			path = cplusplus;
			sourceTree = "<group>";
		};
/* End PBXGroup section */

/* Begin PBXHeadersBuildPhase section */
		658DF9281414CD7B00D9E202 /* Headers */ = {
			isa = PBXHeadersBuildPhase;
			buildActionMask = 2147483647;
			files = (
				658DF9531414CDD500D9E202 /* Block.h in Headers */,
				658DF9541414CDD500D9E202 /* Blockquote.h in Headers */,
				658DF9551414CDD500D9E202 /* Heading.h in Headers */,
				658DF9561414CDD500D9E202 /* Line.h in Headers */,
				658DF9571414CDD500D9E202 /* List.h in Headers */,
				658DF9581414CDD500D9E202 /* ListItem.h in Headers */,
				658DF9591414CDD500D9E202 /* MarginNote.h in Headers */,
				658DF95A1414CDD500D9E202 /* OrderedList.h in Headers */,
				658DF95B1414CDD500D9E202 /* Page.h in Headers */,
				658DF95C1414CDD500D9E202 /* Paragraph.h in Headers */,
				658DF95D1414CDD500D9E202 /* Preformatted.h in Headers */,
				658DF95E1414CDD500D9E202 /* Reference.h in Headers */,
				658DF95F1414CDD500D9E202 /* Title.h in Headers */,
				658DF9601414CDD500D9E202 /* maxtext.h in Headers */,
			);
			runOnlyForDeploymentPostprocessing = 0;
		};
/* End PBXHeadersBuildPhase section */

/* Begin PBXNativeTarget section */
		658DF9291414CD7B00D9E202 /* libmaxtext */ = {
			isa = PBXNativeTarget;
			buildConfigurationList = 658DF92E1414CD7B00D9E202 /* Build configuration list for PBXNativeTarget "libmaxtext" */;
			buildPhases = (
				658DF9261414CD7B00D9E202 /* Sources */,
				658DF9271414CD7B00D9E202 /* Frameworks */,
				658DF9281414CD7B00D9E202 /* Headers */,
			);
			buildRules = (
			);
			dependencies = (
			);
			name = libmaxtext;
			productName = libmaxtext;
			productReference = 658DF92A1414CD7B00D9E202 /* libmaxtext.dylib */;
			productType = "com.apple.product-type.library.dynamic";
		};
/* End PBXNativeTarget section */

/* Begin PBXProject section */
		658DF9211414CD7B00D9E202 /* Project object */ = {
			isa = PBXProject;
			buildConfigurationList = 658DF9241414CD7B00D9E202 /* Build configuration list for PBXProject "libmaxtext" */;
			compatibilityVersion = "Xcode 3.2";
			developmentRegion = English;
			hasScannedForEncodings = 0;
			knownRegions = (
				en,
			);
			mainGroup = 658DF91F1414CD7B00D9E202;
			productRefGroup = 658DF92B1414CD7B00D9E202 /* Products */;
			projectDirPath = "";
			projectRoot = "";
			targets = (
				658DF9291414CD7B00D9E202 /* libmaxtext */,
			);
		};
/* End PBXProject section */

/* Begin PBXSourcesBuildPhase section */
		658DF9261414CD7B00D9E202 /* Sources */ = {
			isa = PBXSourcesBuildPhase;
			buildActionMask = 2147483647;
			files = (
				658DF9611414CDD500D9E202 /* Block.cpp in Sources */,
				658DF9621414CDD500D9E202 /* Blockquote.cpp in Sources */,
				658DF9631414CDD500D9E202 /* Heading.cpp in Sources */,
				658DF9641414CDD500D9E202 /* Line.cpp in Sources */,
				658DF9651414CDD500D9E202 /* List.cpp in Sources */,
				658DF9661414CDD500D9E202 /* ListItem.cpp in Sources */,
				658DF9671414CDD500D9E202 /* MarginNote.cpp in Sources */,
				658DF9681414CDD500D9E202 /* OrderedList.cpp in Sources */,
				658DF9691414CDD500D9E202 /* Page.cpp in Sources */,
				658DF96A1414CDD500D9E202 /* Paragraph.cpp in Sources */,
				658DF96B1414CDD500D9E202 /* Preformatted.cpp in Sources */,
				658DF96C1414CDD500D9E202 /* Reference.cpp in Sources */,
				658DF96D1414CDD500D9E202 /* Title.cpp in Sources */,
			);
			runOnlyForDeploymentPostprocessing = 0;
		};
/* End PBXSourcesBuildPhase section */

/* Begin XCBuildConfiguration section */
		658DF92C1414CD7B00D9E202 /* Debug */ = {
			isa = XCBuildConfiguration;
			buildSettings = {
				ALWAYS_SEARCH_USER_PATHS = NO;
				ARCHS = "$(ARCHS_STANDARD_64_BIT)";
				COPY_PHASE_STRIP = NO;
				GCC_C_LANGUAGE_STANDARD = gnu99;
				GCC_DYNAMIC_NO_PIC = NO;
				GCC_ENABLE_OBJC_EXCEPTIONS = YES;
				GCC_OPTIMIZATION_LEVEL = 0;
				GCC_PREPROCESSOR_DEFINITIONS = (
					"DEBUG=1",
					"$(inherited)",
				);
				GCC_SYMBOLS_PRIVATE_EXTERN = NO;
				GCC_VERSION = com.apple.compilers.llvm.clang.1_0;
				GCC_WARN_64_TO_32_BIT_CONVERSION = YES;
				GCC_WARN_ABOUT_MISSING_PROTOTYPES = YES;
				GCC_WARN_ABOUT_RETURN_TYPE = YES;
				GCC_WARN_UNUSED_VARIABLE = YES;
				HEADER_SEARCH_PATHS = "../../../../OpenXDS_Core/0.x/libopenxds_core_base/include\n../../../../OpenXDS_Core/0.x/libopenxds_core_threads/include\n../../../../OpenXDS_Core/0.x/libopenxds_core_adt/include\n../../../../OpenXDS_Core/0.x/libopenxds_core_adt_std/include\n../../../../OpenXDS_Core/0.x/libopenxds_core_io/include\n../../../../OpenXDS/0.x/libopenxds_base/include\n../../../../OpenXDS/0.x/libopenxds_adt/include\n../../../../OpenXDS/0.x/libopenxds_adt_std/include\n../../../../OpenXDS/0.x/libopenxds_security/include\n../../../../OpenXDS/0.x/libopenxds_io/include\n../../../../OpenXDS/0.x/libopenxds_util/include";
				MACOSX_DEPLOYMENT_TARGET = 10.6;
				ONLY_ACTIVE_ARCH = YES;
				SDKROOT = macosx;
				USER_HEADER_SEARCH_PATHS = "source/include include";
				USE_HEADERMAP = NO;
			};
			name = Debug;
		};
		658DF92D1414CD7B00D9E202 /* Release */ = {
			isa = XCBuildConfiguration;
			buildSettings = {
				ALWAYS_SEARCH_USER_PATHS = NO;
				ARCHS = "$(ARCHS_STANDARD_64_BIT)";
				COPY_PHASE_STRIP = YES;
				DEBUG_INFORMATION_FORMAT = "dwarf-with-dsym";
				GCC_C_LANGUAGE_STANDARD = gnu99;
				GCC_ENABLE_OBJC_EXCEPTIONS = YES;
				GCC_VERSION = com.apple.compilers.llvm.clang.1_0;
				GCC_WARN_64_TO_32_BIT_CONVERSION = YES;
				GCC_WARN_ABOUT_MISSING_PROTOTYPES = YES;
				GCC_WARN_ABOUT_RETURN_TYPE = YES;
				GCC_WARN_UNUSED_VARIABLE = YES;
				HEADER_SEARCH_PATHS = "../../../../OpenXDS_Core/0.x/libopenxds_core_base/include\n../../../../OpenXDS_Core/0.x/libopenxds_core_threads/include\n../../../../OpenXDS_Core/0.x/libopenxds_core_adt/include\n../../../../OpenXDS_Core/0.x/libopenxds_core_adt_std/include\n../../../../OpenXDS_Core/0.x/libopenxds_core_io/include\n../../../../OpenXDS/0.x/libopenxds_base/include\n../../../../OpenXDS/0.x/libopenxds_adt/include\n../../../../OpenXDS/0.x/libopenxds_adt_std/include\n../../../../OpenXDS/0.x/libopenxds_security/include\n../../../../OpenXDS/0.x/libopenxds_io/include\n../../../../OpenXDS/0.x/libopenxds_util/include";
				MACOSX_DEPLOYMENT_TARGET = 10.6;
				SDKROOT = macosx;
				USER_HEADER_SEARCH_PATHS = "source/include include";
				USE_HEADERMAP = NO;
			};
			name = Release;
		};
		658DF92F1414CD7B00D9E202 /* Debug */ = {
			isa = XCBuildConfiguration;
			buildSettings = {
				EXECUTABLE_PREFIX = "";
				PRODUCT_NAME = "$(TARGET_NAME)";
			};
			name = Debug;
		};
		658DF9301414CD7B00D9E202 /* Release */ = {
			isa = XCBuildConfiguration;
			buildSettings = {
				EXECUTABLE_PREFIX = "";
				PRODUCT_NAME = "$(TARGET_NAME)";
			};
			name = Release;
		};
/* End XCBuildConfiguration section */

/* Begin XCConfigurationList section */
		658DF9241414CD7B00D9E202 /* Build configuration list for PBXProject "libmaxtext" */ = {
			isa = XCConfigurationList;
			buildConfigurations = (
				658DF92C1414CD7B00D9E202 /* Debug */,
				658DF92D1414CD7B00D9E202 /* Release */,
			);
			defaultConfigurationIsVisible = 0;
			defaultConfigurationName = Release;
		};
		658DF92E1414CD7B00D9E202 /* Build configuration list for PBXNativeTarget "libmaxtext" */ = {
			isa = XCConfigurationList;
			buildConfigurations = (
				658DF92F1414CD7B00D9E202 /* Debug */,
				658DF9301414CD7B00D9E202 /* Release */,
			);
			defaultConfigurationIsVisible = 0;
			defaultConfigurationName = Release;
		};
/* End XCConfigurationList section */
	};
	rootObject = 658DF9211414CD7B00D9E202 /* Project object */;
}
