// !$*UTF8*$!
{
	archiveVersion = 1;
	classes = {
	};
	objectVersion = 46;
	objects = {

/* Begin PBXBuildFile section */
		658DF9DF1414D55E00D9E202 /* maxtext.1 in CopyFiles */ = {isa = PBXBuildFile; fileRef = 658DF9DE1414D55E00D9E202 /* maxtext.1 */; };
		658DF9F01414D5C900D9E202 /* main.cpp in Sources */ = {isa = PBXBuildFile; fileRef = 658DF9ED1414D5C900D9E202 /* main.cpp */; };
		658DF9FD1414D68700D9E202 /* libmaxtext.dylib in Frameworks */ = {isa = PBXBuildFile; fileRef = 658DF9F11414D68700D9E202 /* libmaxtext.dylib */; };
		658DF9FE1414D68700D9E202 /* libopenxds_adt_std.dylib in Frameworks */ = {isa = PBXBuildFile; fileRef = 658DF9F21414D68700D9E202 /* libopenxds_adt_std.dylib */; };
		658DF9FF1414D68700D9E202 /* libopenxds_adt.dylib in Frameworks */ = {isa = PBXBuildFile; fileRef = 658DF9F31414D68700D9E202 /* libopenxds_adt.dylib */; };
		658DFA001414D68700D9E202 /* libopenxds_base.dylib in Frameworks */ = {isa = PBXBuildFile; fileRef = 658DF9F41414D68700D9E202 /* libopenxds_base.dylib */; };
		658DFA011414D68700D9E202 /* libopenxds_core_adt_std.dylib in Frameworks */ = {isa = PBXBuildFile; fileRef = 658DF9F51414D68700D9E202 /* libopenxds_core_adt_std.dylib */; };
		658DFA021414D68700D9E202 /* libopenxds_core_adt.dylib in Frameworks */ = {isa = PBXBuildFile; fileRef = 658DF9F61414D68700D9E202 /* libopenxds_core_adt.dylib */; };
		658DFA031414D68700D9E202 /* libopenxds_core_base.dylib in Frameworks */ = {isa = PBXBuildFile; fileRef = 658DF9F71414D68700D9E202 /* libopenxds_core_base.dylib */; };
		658DFA041414D68700D9E202 /* libopenxds_core_io.dylib in Frameworks */ = {isa = PBXBuildFile; fileRef = 658DF9F81414D68700D9E202 /* libopenxds_core_io.dylib */; };
		658DFA051414D68700D9E202 /* libopenxds_core_threads.dylib in Frameworks */ = {isa = PBXBuildFile; fileRef = 658DF9F91414D68700D9E202 /* libopenxds_core_threads.dylib */; };
		658DFA061414D68700D9E202 /* libopenxds_io.dylib in Frameworks */ = {isa = PBXBuildFile; fileRef = 658DF9FA1414D68700D9E202 /* libopenxds_io.dylib */; };
		658DFA081414D68700D9E202 /* libopenxds_util.dylib in Frameworks */ = {isa = PBXBuildFile; fileRef = 658DF9FC1414D68700D9E202 /* libopenxds_util.dylib */; };
/* End PBXBuildFile section */

/* Begin PBXCopyFilesBuildPhase section */
		658DF9D11414D55E00D9E202 /* CopyFiles */ = {
			isa = PBXCopyFilesBuildPhase;
			buildActionMask = 2147483647;
			dstPath = /usr/share/man/man1/;
			dstSubfolderSpec = 0;
			files = (
				658DF9DF1414D55E00D9E202 /* maxtext.1 in CopyFiles */,
			);
			runOnlyForDeploymentPostprocessing = 1;
		};
/* End PBXCopyFilesBuildPhase section */

/* Begin PBXFileReference section */
		658DF9D31414D55E00D9E202 /* maxtext */ = {isa = PBXFileReference; explicitFileType = "compiled.mach-o.executable"; includeInIndex = 0; path = maxtext; sourceTree = BUILT_PRODUCTS_DIR; };
		658DF9D71414D55E00D9E202 /* Foundation.framework */ = {isa = PBXFileReference; lastKnownFileType = wrapper.framework; name = Foundation.framework; path = System/Library/Frameworks/Foundation.framework; sourceTree = SDKROOT; };
		658DF9DE1414D55E00D9E202 /* maxtext.1 */ = {isa = PBXFileReference; lastKnownFileType = text.man; path = maxtext.1; sourceTree = "<group>"; };
		658DF9E61414D5C900D9E202 /* OpenXDS.link */ = {isa = PBXFileReference; fileEncoding = 4; lastKnownFileType = text; path = OpenXDS.link; sourceTree = "<group>"; };
		658DF9E71414D5C900D9E202 /* libtextmax.link */ = {isa = PBXFileReference; fileEncoding = 4; lastKnownFileType = text; path = libtextmax.link; sourceTree = "<group>"; };
		658DF9EA1414D5C900D9E202 /* style.css.txt */ = {isa = PBXFileReference; fileEncoding = 4; lastKnownFileType = text; path = style.css.txt; sourceTree = "<group>"; };
		658DF9ED1414D5C900D9E202 /* main.cpp */ = {isa = PBXFileReference; fileEncoding = 4; lastKnownFileType = sourcecode.cpp.cpp; path = main.cpp; sourceTree = "<group>"; };
		658DF9EF1414D5C900D9E202 /* maxtext.mtx */ = {isa = PBXFileReference; fileEncoding = 4; lastKnownFileType = text; path = maxtext.mtx; sourceTree = "<group>"; };
		658DF9F11414D68700D9E202 /* libmaxtext.dylib */ = {isa = PBXFileReference; lastKnownFileType = "compiled.mach-o.dylib"; name = libmaxtext.dylib; path = "../../../../../../../Library/Developer/Xcode/DerivedData/MaxText-atnrdcalmjggqaduzrnflaioaupn/Build/Products/Debug/libmaxtext.dylib"; sourceTree = "<group>"; };
		658DF9F21414D68700D9E202 /* libopenxds_adt_std.dylib */ = {isa = PBXFileReference; lastKnownFileType = "compiled.mach-o.dylib"; name = libopenxds_adt_std.dylib; path = "../../../../../../../Library/Developer/Xcode/DerivedData/MaxText-atnrdcalmjggqaduzrnflaioaupn/Build/Products/Debug/libopenxds_adt_std.dylib"; sourceTree = "<group>"; };
		658DF9F31414D68700D9E202 /* libopenxds_adt.dylib */ = {isa = PBXFileReference; lastKnownFileType = "compiled.mach-o.dylib"; name = libopenxds_adt.dylib; path = "../../../../../../../Library/Developer/Xcode/DerivedData/MaxText-atnrdcalmjggqaduzrnflaioaupn/Build/Products/Debug/libopenxds_adt.dylib"; sourceTree = "<group>"; };
		658DF9F41414D68700D9E202 /* libopenxds_base.dylib */ = {isa = PBXFileReference; lastKnownFileType = "compiled.mach-o.dylib"; name = libopenxds_base.dylib; path = "../../../../../../../Library/Developer/Xcode/DerivedData/MaxText-atnrdcalmjggqaduzrnflaioaupn/Build/Products/Debug/libopenxds_base.dylib"; sourceTree = "<group>"; };
		658DF9F51414D68700D9E202 /* libopenxds_core_adt_std.dylib */ = {isa = PBXFileReference; lastKnownFileType = "compiled.mach-o.dylib"; name = libopenxds_core_adt_std.dylib; path = "../../../../../../../Library/Developer/Xcode/DerivedData/MaxText-atnrdcalmjggqaduzrnflaioaupn/Build/Products/Debug/libopenxds_core_adt_std.dylib"; sourceTree = "<group>"; };
		658DF9F61414D68700D9E202 /* libopenxds_core_adt.dylib */ = {isa = PBXFileReference; lastKnownFileType = "compiled.mach-o.dylib"; name = libopenxds_core_adt.dylib; path = "../../../../../../../Library/Developer/Xcode/DerivedData/MaxText-atnrdcalmjggqaduzrnflaioaupn/Build/Products/Debug/libopenxds_core_adt.dylib"; sourceTree = "<group>"; };
		658DF9F71414D68700D9E202 /* libopenxds_core_base.dylib */ = {isa = PBXFileReference; lastKnownFileType = "compiled.mach-o.dylib"; name = libopenxds_core_base.dylib; path = "../../../../../../../Library/Developer/Xcode/DerivedData/MaxText-atnrdcalmjggqaduzrnflaioaupn/Build/Products/Debug/libopenxds_core_base.dylib"; sourceTree = "<group>"; };
		658DF9F81414D68700D9E202 /* libopenxds_core_io.dylib */ = {isa = PBXFileReference; lastKnownFileType = "compiled.mach-o.dylib"; name = libopenxds_core_io.dylib; path = "../../../../../../../Library/Developer/Xcode/DerivedData/MaxText-atnrdcalmjggqaduzrnflaioaupn/Build/Products/Debug/libopenxds_core_io.dylib"; sourceTree = "<group>"; };
		658DF9F91414D68700D9E202 /* libopenxds_core_threads.dylib */ = {isa = PBXFileReference; lastKnownFileType = "compiled.mach-o.dylib"; name = libopenxds_core_threads.dylib; path = "../../../../../../../Library/Developer/Xcode/DerivedData/MaxText-atnrdcalmjggqaduzrnflaioaupn/Build/Products/Debug/libopenxds_core_threads.dylib"; sourceTree = "<group>"; };
		658DF9FA1414D68700D9E202 /* libopenxds_io.dylib */ = {isa = PBXFileReference; lastKnownFileType = "compiled.mach-o.dylib"; name = libopenxds_io.dylib; path = "../../../../../../../Library/Developer/Xcode/DerivedData/MaxText-atnrdcalmjggqaduzrnflaioaupn/Build/Products/Debug/libopenxds_io.dylib"; sourceTree = "<group>"; };
		658DF9FC1414D68700D9E202 /* libopenxds_util.dylib */ = {isa = PBXFileReference; lastKnownFileType = "compiled.mach-o.dylib"; name = libopenxds_util.dylib; path = "../../../../../../../Library/Developer/Xcode/DerivedData/MaxText-atnrdcalmjggqaduzrnflaioaupn/Build/Products/Debug/libopenxds_util.dylib"; sourceTree = "<group>"; };
/* End PBXFileReference section */

/* Begin PBXFrameworksBuildPhase section */
		658DF9D01414D55E00D9E202 /* Frameworks */ = {
			isa = PBXFrameworksBuildPhase;
			buildActionMask = 2147483647;
			files = (
				658DF9FD1414D68700D9E202 /* libmaxtext.dylib in Frameworks */,
				658DF9FE1414D68700D9E202 /* libopenxds_adt_std.dylib in Frameworks */,
				658DF9FF1414D68700D9E202 /* libopenxds_adt.dylib in Frameworks */,
				658DFA001414D68700D9E202 /* libopenxds_base.dylib in Frameworks */,
				658DFA011414D68700D9E202 /* libopenxds_core_adt_std.dylib in Frameworks */,
				658DFA021414D68700D9E202 /* libopenxds_core_adt.dylib in Frameworks */,
				658DFA031414D68700D9E202 /* libopenxds_core_base.dylib in Frameworks */,
				658DFA041414D68700D9E202 /* libopenxds_core_io.dylib in Frameworks */,
				658DFA051414D68700D9E202 /* libopenxds_core_threads.dylib in Frameworks */,
				658DFA061414D68700D9E202 /* libopenxds_io.dylib in Frameworks */,
				658DFA081414D68700D9E202 /* libopenxds_util.dylib in Frameworks */,
			);
			runOnlyForDeploymentPostprocessing = 0;
		};
/* End PBXFrameworksBuildPhase section */

/* Begin PBXGroup section */
		658DF9C81414D55E00D9E202 = {
			isa = PBXGroup;
			children = (
				658DF9F11414D68700D9E202 /* libmaxtext.dylib */,
				658DF9F21414D68700D9E202 /* libopenxds_adt_std.dylib */,
				658DF9F31414D68700D9E202 /* libopenxds_adt.dylib */,
				658DF9F41414D68700D9E202 /* libopenxds_base.dylib */,
				658DF9F51414D68700D9E202 /* libopenxds_core_adt_std.dylib */,
				658DF9F61414D68700D9E202 /* libopenxds_core_adt.dylib */,
				658DF9F71414D68700D9E202 /* libopenxds_core_base.dylib */,
				658DF9F81414D68700D9E202 /* libopenxds_core_io.dylib */,
				658DF9F91414D68700D9E202 /* libopenxds_core_threads.dylib */,
				658DF9FA1414D68700D9E202 /* libopenxds_io.dylib */,
				658DF9FC1414D68700D9E202 /* libopenxds_util.dylib */,
				658DF9E51414D5C900D9E202 /* dep */,
				658DF9E81414D5C900D9E202 /* share */,
				658DF9EB1414D5C900D9E202 /* source */,
				658DF9D91414D55E00D9E202 /* maxtext */,
				658DF9D61414D55E00D9E202 /* Frameworks */,
				658DF9D41414D55E00D9E202 /* Products */,
			);
			sourceTree = "<group>";
		};
		658DF9D41414D55E00D9E202 /* Products */ = {
			isa = PBXGroup;
			children = (
				658DF9D31414D55E00D9E202 /* maxtext */,
			);
			name = Products;
			sourceTree = "<group>";
		};
		658DF9D61414D55E00D9E202 /* Frameworks */ = {
			isa = PBXGroup;
			children = (
				658DF9D71414D55E00D9E202 /* Foundation.framework */,
			);
			name = Frameworks;
			sourceTree = "<group>";
		};
		658DF9D91414D55E00D9E202 /* maxtext */ = {
			isa = PBXGroup;
			children = (
				658DF9DE1414D55E00D9E202 /* maxtext.1 */,
			);
			path = maxtext;
			sourceTree = "<group>";
		};
		658DF9E51414D5C900D9E202 /* dep */ = {
			isa = PBXGroup;
			children = (
				658DF9E61414D5C900D9E202 /* OpenXDS.link */,
				658DF9E71414D5C900D9E202 /* libtextmax.link */,
			);
			path = dep;
			sourceTree = "<group>";
		};
		658DF9E81414D5C900D9E202 /* share */ = {
			isa = PBXGroup;
			children = (
				658DF9E91414D5C900D9E202 /* css */,
			);
			path = share;
			sourceTree = "<group>";
		};
		658DF9E91414D5C900D9E202 /* css */ = {
			isa = PBXGroup;
			children = (
				658DF9EA1414D5C900D9E202 /* style.css.txt */,
			);
			path = css;
			sourceTree = "<group>";
		};
		658DF9EB1414D5C900D9E202 /* source */ = {
			isa = PBXGroup;
			children = (
				658DF9EC1414D5C900D9E202 /* cplusplus */,
				658DF9EE1414D5C900D9E202 /* mtx */,
			);
			path = source;
			sourceTree = "<group>";
		};
		658DF9EC1414D5C900D9E202 /* cplusplus */ = {
			isa = PBXGroup;
			children = (
				658DF9ED1414D5C900D9E202 /* main.cpp */,
			);
			path = cplusplus;
			sourceTree = "<group>";
		};
		658DF9EE1414D5C900D9E202 /* mtx */ = {
			isa = PBXGroup;
			children = (
				658DF9EF1414D5C900D9E202 /* maxtext.mtx */,
			);
			path = mtx;
			sourceTree = "<group>";
		};
/* End PBXGroup section */

/* Begin PBXNativeTarget section */
		658DF9D21414D55E00D9E202 /* maxtext */ = {
			isa = PBXNativeTarget;
			buildConfigurationList = 658DF9E21414D55E00D9E202 /* Build configuration list for PBXNativeTarget "maxtext" */;
			buildPhases = (
				658DF9CF1414D55E00D9E202 /* Sources */,
				658DF9D01414D55E00D9E202 /* Frameworks */,
				658DF9D11414D55E00D9E202 /* CopyFiles */,
			);
			buildRules = (
			);
			dependencies = (
			);
			name = maxtext;
			productName = maxtext;
			productReference = 658DF9D31414D55E00D9E202 /* maxtext */;
			productType = "com.apple.product-type.tool";
		};
/* End PBXNativeTarget section */

/* Begin PBXProject section */
		658DF9CA1414D55E00D9E202 /* Project object */ = {
			isa = PBXProject;
			buildConfigurationList = 658DF9CD1414D55E00D9E202 /* Build configuration list for PBXProject "maxtext" */;
			compatibilityVersion = "Xcode 3.2";
			developmentRegion = English;
			hasScannedForEncodings = 0;
			knownRegions = (
				en,
			);
			mainGroup = 658DF9C81414D55E00D9E202;
			productRefGroup = 658DF9D41414D55E00D9E202 /* Products */;
			projectDirPath = "";
			projectRoot = "";
			targets = (
				658DF9D21414D55E00D9E202 /* maxtext */,
			);
		};
/* End PBXProject section */

/* Begin PBXSourcesBuildPhase section */
		658DF9CF1414D55E00D9E202 /* Sources */ = {
			isa = PBXSourcesBuildPhase;
			buildActionMask = 2147483647;
			files = (
				658DF9F01414D5C900D9E202 /* main.cpp in Sources */,
			);
			runOnlyForDeploymentPostprocessing = 0;
		};
/* End PBXSourcesBuildPhase section */

/* Begin XCBuildConfiguration section */
		658DF9E01414D55E00D9E202 /* Debug */ = {
			isa = XCBuildConfiguration;
			buildSettings = {
				ALWAYS_SEARCH_USER_PATHS = NO;
				ARCHS = "$(ARCHS_STANDARD_64_BIT)";
				COPY_PHASE_STRIP = NO;
				GCC_C_LANGUAGE_STANDARD = gnu99;
				GCC_DYNAMIC_NO_PIC = NO;
				GCC_ENABLE_OBJC_EXCEPTIONS = YES;
				GCC_OPTIMIZATION_LEVEL = 0;
				GCC_PREPROCESSOR_DEFINITIONS = (
					"DEBUG=1",
					"$(inherited)",
				);
				GCC_SYMBOLS_PRIVATE_EXTERN = NO;
				GCC_VERSION = com.apple.compilers.llvm.clang.1_0;
				GCC_WARN_64_TO_32_BIT_CONVERSION = YES;
				GCC_WARN_ABOUT_MISSING_PROTOTYPES = YES;
				GCC_WARN_ABOUT_RETURN_TYPE = YES;
				GCC_WARN_UNUSED_VARIABLE = YES;
				HEADER_SEARCH_PATHS = (
					../../../../OpenXDS_Core/0.x/libopenxds_core_base/include,
					../../../../OpenXDS_Core/0.x/libopenxds_core_threads/include,
					../../../../OpenXDS_Core/0.x/libopenxds_core_adt/include,
					../../../../OpenXDS_Core/0.x/libopenxds_core_adt_std/include,
					../../../../OpenXDS_Core/0.x/libopenxds_core_io/include,
					../../../../OpenXDS/0.x/libopenxds_base/include,
					../../../../OpenXDS/0.x/libopenxds_adt/include,
					../../../../OpenXDS/0.x/libopenxds_adt_std/include,
					../../../../OpenXDS/0.x/libopenxds_security/include,
					../../../../OpenXDS/0.x/libopenxds_io/include,
					../../../../OpenXDS/0.x/libopenxds_util/include,
					../libmaxtext/include,
				);
				MACOSX_DEPLOYMENT_TARGET = 10.6;
				ONLY_ACTIVE_ARCH = YES;
				SDKROOT = macosx;
				USE_HEADERMAP = NO;
			};
			name = Debug;
		};
		658DF9E11414D55E00D9E202 /* Release */ = {
			isa = XCBuildConfiguration;
			buildSettings = {
				ALWAYS_SEARCH_USER_PATHS = NO;
				ARCHS = "$(ARCHS_STANDARD_64_BIT)";
				COPY_PHASE_STRIP = YES;
				DEBUG_INFORMATION_FORMAT = "dwarf-with-dsym";
				GCC_C_LANGUAGE_STANDARD = gnu99;
				GCC_ENABLE_OBJC_EXCEPTIONS = YES;
				GCC_VERSION = com.apple.compilers.llvm.clang.1_0;
				GCC_WARN_64_TO_32_BIT_CONVERSION = YES;
				GCC_WARN_ABOUT_MISSING_PROTOTYPES = YES;
				GCC_WARN_ABOUT_RETURN_TYPE = YES;
				GCC_WARN_UNUSED_VARIABLE = YES;
				HEADER_SEARCH_PATHS = (
					../../../../OpenXDS_Core/0.x/libopenxds_core_base/include,
					../../../../OpenXDS_Core/0.x/libopenxds_core_threads/include,
					../../../../OpenXDS_Core/0.x/libopenxds_core_adt/include,
					../../../../OpenXDS_Core/0.x/libopenxds_core_adt_std/include,
					../../../../OpenXDS_Core/0.x/libopenxds_core_io/include,
					../../../../OpenXDS/0.x/libopenxds_base/include,
					../../../../OpenXDS/0.x/libopenxds_adt/include,
					../../../../OpenXDS/0.x/libopenxds_adt_std/include,
					../../../../OpenXDS/0.x/libopenxds_security/include,
					../../../../OpenXDS/0.x/libopenxds_io/include,
					../../../../OpenXDS/0.x/libopenxds_util/include,
					../libmaxtext/include,
				);
				MACOSX_DEPLOYMENT_TARGET = 10.6;
				SDKROOT = macosx;
				USE_HEADERMAP = NO;
			};
			name = Release;
		};
		658DF9E31414D55E00D9E202 /* Debug */ = {
			isa = XCBuildConfiguration;
			buildSettings = {
				GCC_PRECOMPILE_PREFIX_HEADER = NO;
				GCC_PREFIX_HEADER = "";
				LIBRARY_SEARCH_PATHS = (
					"$(inherited)",
					"\"$(SRCROOT)/../../../../../../../Library/Developer/Xcode/DerivedData/MaxText-atnrdcalmjggqaduzrnflaioaupn/Build/Products/Debug\"",
				);
				PRODUCT_NAME = "$(TARGET_NAME)";
			};
			name = Debug;
		};
		658DF9E41414D55E00D9E202 /* Release */ = {
			isa = XCBuildConfiguration;
			buildSettings = {
				GCC_PRECOMPILE_PREFIX_HEADER = NO;
				GCC_PREFIX_HEADER = "";
				LIBRARY_SEARCH_PATHS = (
					"$(inherited)",
					"\"$(SRCROOT)/../../../../../../../Library/Developer/Xcode/DerivedData/MaxText-atnrdcalmjggqaduzrnflaioaupn/Build/Products/Debug\"",
				);
				PRODUCT_NAME = "$(TARGET_NAME)";
			};
			name = Release;
		};
/* End XCBuildConfiguration section */

/* Begin XCConfigurationList section */
		658DF9CD1414D55E00D9E202 /* Build configuration list for PBXProject "maxtext" */ = {
			isa = XCConfigurationList;
			buildConfigurations = (
				658DF9E01414D55E00D9E202 /* Debug */,
				658DF9E11414D55E00D9E202 /* Release */,
			);
			defaultConfigurationIsVisible = 0;
			defaultConfigurationName = Release;
		};
		658DF9E21414D55E00D9E202 /* Build configuration list for PBXNativeTarget "maxtext" */ = {
			isa = XCConfigurationList;
			buildConfigurations = (
				658DF9E31414D55E00D9E202 /* Debug */,
				658DF9E41414D55E00D9E202 /* Release */,
			);
			defaultConfigurationIsVisible = 0;
		};
/* End XCConfigurationList section */
	};
	rootObject = 658DF9CA1414D55E00D9E202 /* Project object */;
}
